
Microsoft Visual Studio Solution File, Format Version 12.00
# Visual Studio 15
VisualStudioVersion = 15.0.28307.757
MinimumVisualStudioVersion = 10.0.40219.1
Project("{FAE04EC0-301F-11D3-BF4B-00C04F79EFBC}") = "EmiCalculatorSample", "EmiCalculatorSample\EmiCalculatorSample.csproj", "{577C4D5E-68CE-43E7-A6CC-4C86C0D012F0}"
EndProject
Global
	GlobalSection(SolutionConfigurationPlatforms) = preSolution
		Debug|Any CPU = Debug|Any CPU
		Release|Any CPU = Release|Any CPU
	EndGlobalSection
	GlobalSection(ProjectConfigurationPlatforms) = postSolution
		{577C4D5E-68CE-43E7-A6CC-4C86C0D012F0}.Debug|Any CPU.ActiveCfg = Debug|Any CPU
		{577C4D5E-68CE-43E7-A6CC-4C86C0D012F0}.Debug|Any CPU.Build.0 = Debug|Any CPU
		{577C4D5E-68CE-43E7-A6CC-4C86C0D012F0}.Release|Any CPU.ActiveCfg = Release|Any CPU
		{577C4D5E-68CE-43E7-A6CC-4C86C0D012F0}.Release|Any CPU.Build.0 = Release|Any CPU
	EndGlobalSection
	GlobalSection(SolutionProperties) = preSolution
		HideSolutionNode = FALSE
	EndGlobalSection
	GlobalSection(ExtensibilityGlobals) = postSolution
		SolutionGuid = {40813AFE-4444-42FE-AEF4-11C4E8B72182}
	EndGlobalSection
EndGlobal
